
Microsoft Visual Studio Solution File, Format Version 12.00
# Visual Studio Version 17
VisualStudioVersion = 17.11.35222.181
MinimumVisualStudioVersion = 10.0.40219.1
Project("{FAE04EC0-301F-11D3-BF4B-00C04F79EFBC}") = "OpsamlingVinter25", "OpsamlingVinter25\OpsamlingVinter25.csproj", "{1A4CB79C-07D1-4238-9CAC-94159F17B0EA}"
EndProject
Global
	GlobalSection(SolutionConfigurationPlatforms) = preSolution
		Debug|Any CPU = Debug|Any CPU
		Release|Any CPU = Release|Any CPU
	EndGlobalSection
	GlobalSection(ProjectConfigurationPlatforms) = postSolution
		{1A4CB79C-07D1-4238-9CAC-94159F17B0EA}.Debug|Any CPU.ActiveCfg = Debug|Any CPU
		{1A4CB79C-07D1-4238-9CAC-94159F17B0EA}.Debug|Any CPU.Build.0 = Debug|Any CPU
		{1A4CB79C-07D1-4238-9CAC-94159F17B0EA}.Release|Any CPU.ActiveCfg = Release|Any CPU
		{1A4CB79C-07D1-4238-9CAC-94159F17B0EA}.Release|Any CPU.Build.0 = Release|Any CPU
	EndGlobalSection
	GlobalSection(SolutionProperties) = preSolution
		HideSolutionNode = FALSE
	EndGlobalSection
	GlobalSection(ExtensibilityGlobals) = postSolution
		SolutionGuid = {01C1ADEF-212F-434A-8B19-5133BA7B2B9B}
	EndGlobalSection
EndGlobal
